
Microsoft Visual Studio Solution File, Format Version 12.00
# Visual Studio Version 17
VisualStudioVersion = 17.8.34309.116
MinimumVisualStudioVersion = 10.0.40219.1
Project("{FAE04EC0-301F-11D3-BF4B-00C04F79EFBC}") = "Stripe8", "Stripe8.csproj", "{08627973-109A-4965-A431-46C71D67CAF6}"
EndProject
Global
	GlobalSection(SolutionConfigurationPlatforms) = preSolution
		Debug|Any CPU = Debug|Any CPU
		Release|Any CPU = Release|Any CPU
	EndGlobalSection
	GlobalSection(ProjectConfigurationPlatforms) = postSolution
		{08627973-109A-4965-A431-46C71D67CAF6}.Debug|Any CPU.ActiveCfg = Debug|Any CPU
		{08627973-109A-4965-A431-46C71D67CAF6}.Debug|Any CPU.Build.0 = Debug|Any CPU
		{08627973-109A-4965-A431-46C71D67CAF6}.Release|Any CPU.ActiveCfg = Release|Any CPU
		{08627973-109A-4965-A431-46C71D67CAF6}.Release|Any CPU.Build.0 = Release|Any CPU
	EndGlobalSection
	GlobalSection(SolutionProperties) = preSolution
		HideSolutionNode = FALSE
	EndGlobalSection
	GlobalSection(ExtensibilityGlobals) = postSolution
		SolutionGuid = {12E04148-E75C-454E-9CEA-9BF05593AE48}
	EndGlobalSection
EndGlobal
